
Microsoft Visual Studio Solution File, Format Version 12.00
# Visual Studio 15
VisualStudioVersion = 15.0.28307.757
MinimumVisualStudioVersion = 10.0.40219.1
Project("{9A19103F-16F7-4668-BE54-9A1E7A4F7556}") = "Avalonia.HtmlRenderer", "Avalonia.HtmlRenderer.csproj", "{4FE3E436-62E1-4C72-ACBD-BE2E19F72BAB}"
EndProject
Global
	GlobalSection(SolutionConfigurationPlatforms) = preSolution
		Debug|Any CPU = Debug|Any CPU
		Release|Any CPU = Release|Any CPU
	EndGlobalSection
	GlobalSection(ProjectConfigurationPlatforms) = postSolution
		{4FE3E436-62E1-4C72-ACBD-BE2E19F72BAB}.Debug|Any CPU.ActiveCfg = Debug|Any CPU
		{4FE3E436-62E1-4C72-ACBD-BE2E19F72BAB}.Debug|Any CPU.Build.0 = Debug|Any CPU
		{4FE3E436-62E1-4C72-ACBD-BE2E19F72BAB}.Release|Any CPU.ActiveCfg = Release|Any CPU
		{4FE3E436-62E1-4C72-ACBD-BE2E19F72BAB}.Release|Any CPU.Build.0 = Release|Any CPU
	EndGlobalSection
	GlobalSection(SolutionProperties) = preSolution
		HideSolutionNode = FALSE
	EndGlobalSection
	GlobalSection(ExtensibilityGlobals) = postSolution
		SolutionGuid = {02E33210-45A0-46CC-9A84-2FD823830B3B}
	EndGlobalSection
EndGlobal
